Microsoft Visual Studio Solution File, Format Version 12.00
# Visual Studio Version 17
VisualStudioVersion = 17.5.2.0
MinimumVisualStudioVersion = 10.0.40219.1
Project("{FAE04EC0-301F-11D3-BF4B-00C04F79EFBC}") = "LatihanBotTele", "LatihanBotTele.csproj", "{46BC73FE-D111-72F9-BA63-4C65F86124BE}"
EndProject
Global
	GlobalSection(SolutionConfigurationPlatforms) = preSolution
		Debug|Any CPU = Debug|Any CPU
		Release|Any CPU = Release|Any CPU
	EndGlobalSection
	GlobalSection(ProjectConfigurationPlatforms) = postSolution
		{46BC73FE-D111-72F9-BA63-4C65F86124BE}.Debug|Any CPU.ActiveCfg = Debug|Any CPU
		{46BC73FE-D111-72F9-BA63-4C65F86124BE}.Debug|Any CPU.Build.0 = Debug|Any CPU
		{46BC73FE-D111-72F9-BA63-4C65F86124BE}.Release|Any CPU.ActiveCfg = Release|Any CPU
		{46BC73FE-D111-72F9-BA63-4C65F86124BE}.Release|Any CPU.Build.0 = Release|Any CPU
	EndGlobalSection
	GlobalSection(SolutionProperties) = preSolution
		HideSolutionNode = FALSE
	EndGlobalSection
	GlobalSection(ExtensibilityGlobals) = postSolution
		SolutionGuid = {5C2929FE-B5F7-4F5F-80B7-7EE5A94EACF1}
	EndGlobalSection
EndGlobal
